
Microsoft Visual Studio Solution File, Format Version 12.00
# Visual Studio Version 16
VisualStudioVersion = 16.0.30114.105
MinimumVisualStudioVersion = 10.0.40219.1
Project("{FAE04EC0-301F-11D3-BF4B-00C04F79EFBC}") = "Walterlv.Issues.CSharpNullable", "Walterlv.Issues.CSharpNullable\Walterlv.Issues.CSharpNullable.csproj", "{2AAD6434-C6CA-4589-A26E-3DE032B2FFE9}"
EndProject
Global
	GlobalSection(SolutionConfigurationPlatforms) = preSolution
		Debug|Any CPU = Debug|Any CPU
		Release|Any CPU = Release|Any CPU
	EndGlobalSection
	GlobalSection(ProjectConfigurationPlatforms) = postSolution
		{2AAD6434-C6CA-4589-A26E-3DE032B2FFE9}.Debug|Any CPU.ActiveCfg = Debug|Any CPU
		{2AAD6434-C6CA-4589-A26E-3DE032B2FFE9}.Debug|Any CPU.Build.0 = Debug|Any CPU
		{2AAD6434-C6CA-4589-A26E-3DE032B2FFE9}.Release|Any CPU.ActiveCfg = Release|Any CPU
		{2AAD6434-C6CA-4589-A26E-3DE032B2FFE9}.Release|Any CPU.Build.0 = Release|Any CPU
	EndGlobalSection
	GlobalSection(SolutionProperties) = preSolution
		HideSolutionNode = FALSE
	EndGlobalSection
	GlobalSection(ExtensibilityGlobals) = postSolution
		SolutionGuid = {D423FF11-42F3-4608-9BDC-B5900E0AB52C}
	EndGlobalSection
EndGlobal
